// !$*UTF8*$!
{
	archiveVersion = 1;
	classes = {
	};
	objectVersion = 56;
	objects = {

/* Begin PBXBuildFile section */
		0E1912B52B4C13DE005E218C /* AppDelegate.swift in Sources */ = {isa = PBXBuildFile; fileRef = 0E1912B42B4C13DE005E218C /* AppDelegate.swift */; };
		0E1912B72B4C13DE005E218C /* SceneDelegate.swift in Sources */ = {isa = PBXBuildFile; fileRef = 0E1912B62B4C13DE005E218C /* SceneDelegate.swift */; };
		0E1912B92B4C13DE005E218C /* ViewController.swift in Sources */ = {isa = PBXBuildFile; fileRef = 0E1912B82B4C13DE005E218C /* ViewController.swift */; };
		0E1912BE2B4C13E1005E218C /* Assets.xcassets in Resources */ = {isa = PBXBuildFile; fileRef = 0E1912BD2B4C13E1005E218C /* Assets.xcassets */; };
		0E1912C12B4C13E1005E218C /* LaunchScreen.storyboard in Resources */ = {isa = PBXBuildFile; fileRef = 0E1912BF2B4C13E1005E218C /* LaunchScreen.storyboard */; };
		0E1912CC2B4C13E1005E218C /* MaeumgaGymVoiceOverTests.swift in Sources */ = {isa = PBXBuildFile; fileRef = 0E1912CB2B4C13E1005E218C /* MaeumgaGymVoiceOverTests.swift */; };
		0E1912D62B4C13E1005E218C /* MaeumgaGymVoiceOverUITests.swift in Sources */ = {isa = PBXBuildFile; fileRef = 0E1912D52B4C13E1005E218C /* MaeumgaGymVoiceOverUITests.swift */; };
		0E1912D82B4C13E1005E218C /* MaeumgaGymVoiceOverUITestsLaunchTests.swift in Sources */ = {isa = PBXBuildFile; fileRef = 0E1912D72B4C13E1005E218C /* MaeumgaGymVoiceOverUITestsLaunchTests.swift */; };
/* End PBXBuildFile section */

/* Begin PBXContainerItemProxy section */
		0E1912C82B4C13E1005E218C /* PBXContainerItemProxy */ = {
			isa = PBXContainerItemProxy;
			containerPortal = 0E1912A92B4C13DE005E218C /* Project object */;
			proxyType = 1;
			remoteGlobalIDString = 0E1912B02B4C13DE005E218C;
			remoteInfo = MaeumgaGymVoiceOver;
		};
		0E1912D22B4C13E1005E218C /* PBXContainerItemProxy */ = {
			isa = PBXContainerItemProxy;
			containerPortal = 0E1912A92B4C13DE005E218C /* Project object */;
			proxyType = 1;
			remoteGlobalIDString = 0E1912B02B4C13DE005E218C;
			remoteInfo = MaeumgaGymVoiceOver;
		};
/* End PBXContainerItemProxy section */

/* Begin PBXFileReference section */
		0E1912B12B4C13DE005E218C /* MaeumgaGymVoiceOver.app */ = {isa = PBXFileReference; explicitFileType = wrapper.application; includeInIndex = 0; path = MaeumgaGymVoiceOver.app; sourceTree = BUILT_PRODUCTS_DIR; };
		0E1912B42B4C13DE005E218C /* AppDelegate.swift */ = {isa = PBXFileReference; lastKnownFileType = sourcecode.swift; path = AppDelegate.swift; sourceTree = "<group>"; };
		0E1912B62B4C13DE005E218C /* SceneDelegate.swift */ = {isa = PBXFileReference; lastKnownFileType = sourcecode.swift; path = SceneDelegate.swift; sourceTree = "<group>"; };
		0E1912B82B4C13DE005E218C /* ViewController.swift */ = {isa = PBXFileReference; lastKnownFileType = sourcecode.swift; path = ViewController.swift; sourceTree = "<group>"; };
		0E1912BD2B4C13E1005E218C /* Assets.xcassets */ = {isa = PBXFileReference; lastKnownFileType = folder.assetcatalog; path = Assets.xcassets; sourceTree = "<group>"; };
		0E1912C02B4C13E1005E218C /* Base */ = {isa = PBXFileReference; lastKnownFileType = file.storyboard; name = Base; path = Base.lproj/LaunchScreen.storyboard; sourceTree = "<group>"; };
		0E1912C22B4C13E1005E218C /* Info.plist */ = {isa = PBXFileReference; lastKnownFileType = text.plist.xml; path = Info.plist; sourceTree = "<group>"; };
		0E1912C72B4C13E1005E218C /* MaeumgaGymVoiceOverTests.xctest */ = {isa = PBXFileReference; explicitFileType = wrapper.cfbundle; includeInIndex = 0; path = MaeumgaGymVoiceOverTests.xctest; sourceTree = BUILT_PRODUCTS_DIR; };
		0E1912CB2B4C13E1005E218C /* MaeumgaGymVoiceOverTests.swift */ = {isa = PBXFileReference; lastKnownFileType = sourcecode.swift; path = MaeumgaGymVoiceOverTests.swift; sourceTree = "<group>"; };
		0E1912D12B4C13E1005E218C /* MaeumgaGymVoiceOverUITests.xctest */ = {isa = PBXFileReference; explicitFileType = wrapper.cfbundle; includeInIndex = 0; path = MaeumgaGymVoiceOverUITests.xctest; sourceTree = BUILT_PRODUCTS_DIR; };
		0E1912D52B4C13E1005E218C /* MaeumgaGymVoiceOverUITests.swift */ = {isa = PBXFileReference; lastKnownFileType = sourcecode.swift; path = MaeumgaGymVoiceOverUITests.swift; sourceTree = "<group>"; };
		0E1912D72B4C13E1005E218C /* MaeumgaGymVoiceOverUITestsLaunchTests.swift */ = {isa = PBXFileReference; lastKnownFileType = sourcecode.swift; path = MaeumgaGymVoiceOverUITestsLaunchTests.swift; sourceTree = "<group>"; };
/* End PBXFileReference section */

/* Begin PBXFrameworksBuildPhase section */
		0E1912AE2B4C13DE005E218C /* Frameworks */ = {
			isa = PBXFrameworksBuildPhase;
			buildActionMask = 2147483647;
			files = (
			);
			runOnlyForDeploymentPostprocessing = 0;
		};
		0E1912C42B4C13E1005E218C /* Frameworks */ = {
			isa = PBXFrameworksBuildPhase;
			buildActionMask = 2147483647;
			files = (
			);
			runOnlyForDeploymentPostprocessing = 0;
		};
		0E1912CE2B4C13E1005E218C /* Frameworks */ = {
			isa = PBXFrameworksBuildPhase;
			buildActionMask = 2147483647;
			files = (
			);
			runOnlyForDeploymentPostprocessing = 0;
		};
/* End PBXFrameworksBuildPhase section */

/* Begin PBXGroup section */
		0E1912A82B4C13DE005E218C = {
			isa = PBXGroup;
			children = (
				0E1912B32B4C13DE005E218C /* MaeumgaGymVoiceOver */,
				0E1912CA2B4C13E1005E218C /* MaeumgaGymVoiceOverTests */,
				0E1912D42B4C13E1005E218C /* MaeumgaGymVoiceOverUITests */,
				0E1912B22B4C13DE005E218C /* Products */,
			);
			sourceTree = "<group>";
		};
		0E1912B22B4C13DE005E218C /* Products */ = {
			isa = PBXGroup;
			children = (
				0E1912B12B4C13DE005E218C /* MaeumgaGymVoiceOver.app */,
				0E1912C72B4C13E1005E218C /* MaeumgaGymVoiceOverTests.xctest */,
				0E1912D12B4C13E1005E218C /* MaeumgaGymVoiceOverUITests.xctest */,
			);
			name = Products;
			sourceTree = "<group>";
		};
		0E1912B32B4C13DE005E218C /* MaeumgaGymVoiceOver */ = {
			isa = PBXGroup;
			children = (
				0E1912B42B4C13DE005E218C /* AppDelegate.swift */,
				0E1912B62B4C13DE005E218C /* SceneDelegate.swift */,
				0E1912B82B4C13DE005E218C /* ViewController.swift */,
				0E1912BD2B4C13E1005E218C /* Assets.xcassets */,
				0E1912BF2B4C13E1005E218C /* LaunchScreen.storyboard */,
				0E1912C22B4C13E1005E218C /* Info.plist */,
			);
			path = MaeumgaGymVoiceOver;
			sourceTree = "<group>";
		};
		0E1912CA2B4C13E1005E218C /* MaeumgaGymVoiceOverTests */ = {
			isa = PBXGroup;
			children = (
				0E1912CB2B4C13E1005E218C /* MaeumgaGymVoiceOverTests.swift */,
			);
			path = MaeumgaGymVoiceOverTests;
			sourceTree = "<group>";
		};
		0E1912D42B4C13E1005E218C /* MaeumgaGymVoiceOverUITests */ = {
			isa = PBXGroup;
			children = (
				0E1912D52B4C13E1005E218C /* MaeumgaGymVoiceOverUITests.swift */,
				0E1912D72B4C13E1005E218C /* MaeumgaGymVoiceOverUITestsLaunchTests.swift */,
			);
			path = MaeumgaGymVoiceOverUITests;
			sourceTree = "<group>";
		};
/* End PBXGroup section */

/* Begin PBXNativeTarget section */
		0E1912B02B4C13DE005E218C /* MaeumgaGymVoiceOver */ = {
			isa = PBXNativeTarget;
			buildConfigurationList = 0E1912DB2B4C13E1005E218C /* Build configuration list for PBXNativeTarget "MaeumgaGymVoiceOver" */;
			buildPhases = (
				0E1912AD2B4C13DE005E218C /* Sources */,
				0E1912AE2B4C13DE005E218C /* Frameworks */,
				0E1912AF2B4C13DE005E218C /* Resources */,
			);
			buildRules = (
			);
			dependencies = (
			);
			name = MaeumgaGymVoiceOver;
			productName = MaeumgaGymVoiceOver;
			productReference = 0E1912B12B4C13DE005E218C /* MaeumgaGymVoiceOver.app */;
			productType = "com.apple.product-type.application";
		};
		0E1912C62B4C13E1005E218C /* MaeumgaGymVoiceOverTests */ = {
			isa = PBXNativeTarget;
			buildConfigurationList = 0E1912DE2B4C13E1005E218C /* Build configuration list for PBXNativeTarget "MaeumgaGymVoiceOverTests" */;
			buildPhases = (
				0E1912C32B4C13E1005E218C /* Sources */,
				0E1912C42B4C13E1005E218C /* Frameworks */,
				0E1912C52B4C13E1005E218C /* Resources */,
			);
			buildRules = (
			);
			dependencies = (
				0E1912C92B4C13E1005E218C /* PBXTargetDependency */,
			);
			name = MaeumgaGymVoiceOverTests;
			productName = MaeumgaGymVoiceOverTests;
			productReference = 0E1912C72B4C13E1005E218C /* MaeumgaGymVoiceOverTests.xctest */;
			productType = "com.apple.product-type.bundle.unit-test";
		};
		0E1912D02B4C13E1005E218C /* MaeumgaGymVoiceOverUITests */ = {
			isa = PBXNativeTarget;
			buildConfigurationList = 0E1912E12B4C13E1005E218C /* Build configuration list for PBXNativeTarget "MaeumgaGymVoiceOverUITests" */;
			buildPhases = (
				0E1912CD2B4C13E1005E218C /* Sources */,
				0E1912CE2B4C13E1005E218C /* Frameworks */,
				0E1912CF2B4C13E1005E218C /* Resources */,
			);
			buildRules = (
			);
			dependencies = (
				0E1912D32B4C13E1005E218C /* PBXTargetDependency */,
			);
			name = MaeumgaGymVoiceOverUITests;
			productName = MaeumgaGymVoiceOverUITests;
			productReference = 0E1912D12B4C13E1005E218C /* MaeumgaGymVoiceOverUITests.xctest */;
			productType = "com.apple.product-type.bundle.ui-testing";
		};
/* End PBXNativeTarget section */

/* Begin PBXProject section */
		0E1912A92B4C13DE005E218C /* Project object */ = {
			isa = PBXProject;
			attributes = {
				BuildIndependentTargetsInParallel = 1;
				LastSwiftUpdateCheck = 1510;
				LastUpgradeCheck = 1510;
				TargetAttributes = {
					0E1912B02B4C13DE005E218C = {
						CreatedOnToolsVersion = 15.1;
					};
					0E1912C62B4C13E1005E218C = {
						CreatedOnToolsVersion = 15.1;
						TestTargetID = 0E1912B02B4C13DE005E218C;
					};
					0E1912D02B4C13E1005E218C = {
						CreatedOnToolsVersion = 15.1;
						TestTargetID = 0E1912B02B4C13DE005E218C;
					};
				};
			};
			buildConfigurationList = 0E1912AC2B4C13DE005E218C /* Build configuration list for PBXProject "MaeumgaGymVoiceOver" */;
			compatibilityVersion = "Xcode 14.0";
			developmentRegion = en;
			hasScannedForEncodings = 0;
			knownRegions = (
				en,
				Base,
			);
			mainGroup = 0E1912A82B4C13DE005E218C;
			productRefGroup = 0E1912B22B4C13DE005E218C /* Products */;
			projectDirPath = "";
			projectRoot = "";
			targets = (
				0E1912B02B4C13DE005E218C /* MaeumgaGymVoiceOver */,
				0E1912C62B4C13E1005E218C /* MaeumgaGymVoiceOverTests */,
				0E1912D02B4C13E1005E218C /* MaeumgaGymVoiceOverUITests */,
			);
		};
/* End PBXProject section */

/* Begin PBXResourcesBuildPhase section */
		0E1912AF2B4C13DE005E218C /* Resources */ = {
			isa = PBXResourcesBuildPhase;
			buildActionMask = 2147483647;
			files = (
				0E1912C12B4C13E1005E218C /* LaunchScreen.storyboard in Resources */,
				0E1912BE2B4C13E1005E218C /* Assets.xcassets in Resources */,
			);
			runOnlyForDeploymentPostprocessing = 0;
		};
		0E1912C52B4C13E1005E218C /* Resources */ = {
			isa = PBXResourcesBuildPhase;
			buildActionMask = 2147483647;
			files = (
			);
			runOnlyForDeploymentPostprocessing = 0;
		};
		0E1912CF2B4C13E1005E218C /* Resources */ = {
			isa = PBXResourcesBuildPhase;
			buildActionMask = 2147483647;
			files = (
			);
			runOnlyForDeploymentPostprocessing = 0;
		};
/* End PBXResourcesBuildPhase section */

/* Begin PBXSourcesBuildPhase section */
		0E1912AD2B4C13DE005E218C /* Sources */ = {
			isa = PBXSourcesBuildPhase;
			buildActionMask = 2147483647;
			files = (
				0E1912B92B4C13DE005E218C /* ViewController.swift in Sources */,
				0E1912B52B4C13DE005E218C /* AppDelegate.swift in Sources */,
				0E1912B72B4C13DE005E218C /* SceneDelegate.swift in Sources */,
			);
			runOnlyForDeploymentPostprocessing = 0;
		};
		0E1912C32B4C13E1005E218C /* Sources */ = {
			isa = PBXSourcesBuildPhase;
			buildActionMask = 2147483647;
			files = (
				0E1912CC2B4C13E1005E218C /* MaeumgaGymVoiceOverTests.swift in Sources */,
			);
			runOnlyForDeploymentPostprocessing = 0;
		};
		0E1912CD2B4C13E1005E218C /* Sources */ = {
			isa = PBXSourcesBuildPhase;
			buildActionMask = 2147483647;
			files = (
				0E1912D62B4C13E1005E218C /* MaeumgaGymVoiceOverUITests.swift in Sources */,
				0E1912D82B4C13E1005E218C /* MaeumgaGymVoiceOverUITestsLaunchTests.swift in Sources */,
			);
			runOnlyForDeploymentPostprocessing = 0;
		};
/* End PBXSourcesBuildPhase section */

/* Begin PBXTargetDependency section */
		0E1912C92B4C13E1005E218C /* PBXTargetDependency */ = {
			isa = PBXTargetDependency;
			target = 0E1912B02B4C13DE005E218C /* MaeumgaGymVoiceOver */;
			targetProxy = 0E1912C82B4C13E1005E218C /* PBXContainerItemProxy */;
		};
		0E1912D32B4C13E1005E218C /* PBXTargetDependency */ = {
			isa = PBXTargetDependency;
			target = 0E1912B02B4C13DE005E218C /* MaeumgaGymVoiceOver */;
			targetProxy = 0E1912D22B4C13E1005E218C /* PBXContainerItemProxy */;
		};
/* End PBXTargetDependency section */

/* Begin PBXVariantGroup section */
		0E1912BF2B4C13E1005E218C /* LaunchScreen.storyboard */ = {
			isa = PBXVariantGroup;
			children = (
				0E1912C02B4C13E1005E218C /* Base */,
			);
			name = LaunchScreen.storyboard;
			sourceTree = "<group>";
		};
/* End PBXVariantGroup section */

/* Begin XCBuildConfiguration section */
		0E1912D92B4C13E1005E218C /* Debug */ = {
			isa = XCBuildConfiguration;
			buildSettings = {
				ALWAYS_SEARCH_USER_PATHS = NO;
				ASSETCATALOG_COMPILER_GENERATE_SWIFT_ASSET_SYMBOL_EXTENSIONS = YES;
				CLANG_ANALYZER_NONNULL = YES;
				CLANG_ANALYZER_NUMBER_OBJECT_CONVERSION = YES_AGGRESSIVE;
				CLANG_CXX_LANGUAGE_STANDARD = "gnu++20";
				CLANG_ENABLE_MODULES = YES;
				CLANG_ENABLE_OBJC_ARC = YES;
				CLANG_ENABLE_OBJC_WEAK = YES;
				CLANG_WARN_BLOCK_CAPTURE_AUTORELEASING = YES;
				CLANG_WARN_BOOL_CONVERSION = YES;
				CLANG_WARN_COMMA = YES;
				CLANG_WARN_CONSTANT_CONVERSION = YES;
				CLANG_WARN_DEPRECATED_OBJC_IMPLEMENTATIONS = YES;
				CLANG_WARN_DIRECT_OBJC_ISA_USAGE = YES_ERROR;
				CLANG_WARN_DOCUMENTATION_COMMENTS = YES;
				CLANG_WARN_EMPTY_BODY = YES;
				CLANG_WARN_ENUM_CONVERSION = YES;
				CLANG_WARN_INFINITE_RECURSION = YES;
				CLANG_WARN_INT_CONVERSION = YES;
				CLANG_WARN_NON_LITERAL_NULL_CONVERSION = YES;
				CLANG_WARN_OBJC_IMPLICIT_RETAIN_SELF = YES;
				CLANG_WARN_OBJC_LITERAL_CONVERSION = YES;
				CLANG_WARN_OBJC_ROOT_CLASS = YES_ERROR;
				CLANG_WARN_QUOTED_INCLUDE_IN_FRAMEWORK_HEADER = YES;
				CLANG_WARN_RANGE_LOOP_ANALYSIS = YES;
				CLANG_WARN_STRICT_PROTOTYPES = YES;
				CLANG_WARN_SUSPICIOUS_MOVE = YES;
				CLANG_WARN_UNGUARDED_AVAILABILITY = YES_AGGRESSIVE;
				CLANG_WARN_UNREACHABLE_CODE = YES;
				CLANG_WARN__DUPLICATE_METHOD_MATCH = YES;
				COPY_PHASE_STRIP = NO;
				DEBUG_INFORMATION_FORMAT = dwarf;
				ENABLE_STRICT_OBJC_MSGSEND = YES;
				ENABLE_TESTABILITY = YES;
				ENABLE_USER_SCRIPT_SANDBOXING = YES;
				GCC_C_LANGUAGE_STANDARD = gnu17;
				GCC_DYNAMIC_NO_PIC = NO;
				GCC_NO_COMMON_BLOCKS = YES;
				GCC_OPTIMIZATION_LEVEL = 0;
				GCC_PREPROCESSOR_DEFINITIONS = (
					"DEBUG=1",
					"$(inherited)",
				);
				GCC_WARN_64_TO_32_BIT_CONVERSION = YES;
				GCC_WARN_ABOUT_RETURN_TYPE = YES_ERROR;
				GCC_WARN_UNDECLARED_SELECTOR = YES;
				GCC_WARN_UNINITIALIZED_AUTOS = YES_AGGRESSIVE;
				GCC_WARN_UNUSED_FUNCTION = YES;
				GCC_WARN_UNUSED_VARIABLE = YES;
				IPHONEOS_DEPLOYMENT_TARGET = 17.2;
				LOCALIZATION_PREFERS_STRING_CATALOGS = YES;
				MTL_ENABLE_DEBUG_INFO = INCLUDE_SOURCE;
				MTL_FAST_MATH = YES;
				ONLY_ACTIVE_ARCH = YES;
				SDKROOT = iphoneos;
				SWIFT_ACTIVE_COMPILATION_CONDITIONS = "DEBUG $(inherited)";
				SWIFT_OPTIMIZATION_LEVEL = "-Onone";
			};
			name = Debug;
		};
		0E1912DA2B4C13E1005E218C /* Release */ = {
			isa = XCBuildConfiguration;
			buildSettings = {
				ALWAYS_SEARCH_USER_PATHS = NO;
				ASSETCATALOG_COMPILER_GENERATE_SWIFT_ASSET_SYMBOL_EXTENSIONS = YES;
				CLANG_ANALYZER_NONNULL = YES;
				CLANG_ANALYZER_NUMBER_OBJECT_CONVERSION = YES_AGGRESSIVE;
				CLANG_CXX_LANGUAGE_STANDARD = "gnu++20";
				CLANG_ENABLE_MODULES = YES;
				CLANG_ENABLE_OBJC_ARC = YES;
				CLANG_ENABLE_OBJC_WEAK = YES;
				CLANG_WARN_BLOCK_CAPTURE_AUTORELEASING = YES;
				CLANG_WARN_BOOL_CONVERSION = YES;
				CLANG_WARN_COMMA = YES;
				CLANG_WARN_CONSTANT_CONVERSION = YES;
				CLANG_WARN_DEPRECATED_OBJC_IMPLEMENTATIONS = YES;
				CLANG_WARN_DIRECT_OBJC_ISA_USAGE = YES_ERROR;
				CLANG_WARN_DOCUMENTATION_COMMENTS = YES;
				CLANG_WARN_EMPTY_BODY = YES;
				CLANG_WARN_ENUM_CONVERSION = YES;
				CLANG_WARN_INFINITE_RECURSION = YES;
				CLANG_WARN_INT_CONVERSION = YES;
				CLANG_WARN_NON_LITERAL_NULL_CONVERSION = YES;
				CLANG_WARN_OBJC_IMPLICIT_RETAIN_SELF = YES;
				CLANG_WARN_OBJC_LITERAL_CONVERSION = YES;
				CLANG_WARN_OBJC_ROOT_CLASS = YES_ERROR;
				CLANG_WARN_QUOTED_INCLUDE_IN_FRAMEWORK_HEADER = YES;
				CLANG_WARN_RANGE_LOOP_ANALYSIS = YES;
				CLANG_WARN_STRICT_PROTOTYPES = YES;
				CLANG_WARN_SUSPICIOUS_MOVE = YES;
				CLANG_WARN_UNGUARDED_AVAILABILITY = YES_AGGRESSIVE;
				CLANG_WARN_UNREACHABLE_CODE = YES;
				CLANG_WARN__DUPLICATE_METHOD_MATCH = YES;
				COPY_PHASE_STRIP = NO;
				DEBUG_INFORMATION_FORMAT = "dwarf-with-dsym";
				ENABLE_NS_ASSERTIONS = NO;
				ENABLE_STRICT_OBJC_MSGSEND = YES;
				ENABLE_USER_SCRIPT_SANDBOXING = YES;
				GCC_C_LANGUAGE_STANDARD = gnu17;
				GCC_NO_COMMON_BLOCKS = YES;
				GCC_WARN_64_TO_32_BIT_CONVERSION = YES;
				GCC_WARN_ABOUT_RETURN_TYPE = YES_ERROR;
				GCC_WARN_UNDECLARED_SELECTOR = YES;
				GCC_WARN_UNINITIALIZED_AUTOS = YES_AGGRESSIVE;
				GCC_WARN_UNUSED_FUNCTION = YES;
				GCC_WARN_UNUSED_VARIABLE = YES;
				IPHONEOS_DEPLOYMENT_TARGET = 17.2;
				LOCALIZATION_PREFERS_STRING_CATALOGS = YES;
				MTL_ENABLE_DEBUG_INFO = NO;
				MTL_FAST_MATH = YES;
				SDKROOT = iphoneos;
				SWIFT_COMPILATION_MODE = wholemodule;
				VALIDATE_PRODUCT = YES;
			};
			name = Release;
		};
		0E1912DC2B4C13E1005E218C /* Debug */ = {
			isa = XCBuildConfiguration;
			buildSettings = {
				ASSETCATALOG_COMPILER_APPICON_NAME = AppIcon;
				ASSETCATALOG_COMPILER_GLOBAL_ACCENT_COLOR_NAME = AccentColor;
				CODE_SIGN_STYLE = Automatic;
				CURRENT_PROJECT_VERSION = 1;
				GENERATE_INFOPLIST_FILE = YES;
				INFOPLIST_FILE = MaeumgaGymVoiceOver/Info.plist;
				INFOPLIST_KEY_UIApplicationSupportsIndirectInputEvents = YES;
				INFOPLIST_KEY_UILaunchStoryboardName = LaunchScreen;
				INFOPLIST_KEY_UISupportedInterfaceOrientations_iPad = "UIInterfaceOrientationPortrait UIInterfaceOrientationPortraitUpsideDown UIInterfaceOrientationLandscapeLeft UIInterfaceOrientationLandscapeRight";
				INFOPLIST_KEY_UISupportedInterfaceOrientations_iPhone = "UIInterfaceOrientationPortrait UIInterfaceOrientationLandscapeLeft UIInterfaceOrientationLandscapeRight";
				LD_RUNPATH_SEARCH_PATHS = (
					"$(inherited)",
					"@executable_path/Frameworks",
				);
				MARKETING_VERSION = 1.0;
				PRODUCT_BUNDLE_IDENTIFIER = jjunhaa0211.MaeumgaGymVoiceOver;
				PRODUCT_NAME = "$(TARGET_NAME)";
				SWIFT_EMIT_LOC_STRINGS = YES;
				SWIFT_VERSION = 5.0;
				TARGETED_DEVICE_FAMILY = "1,2";
			};
			name = Debug;
		};
		0E1912DD2B4C13E1005E218C /* Release */ = {
			isa = XCBuildConfiguration;
			buildSettings = {
				ASSETCATALOG_COMPILER_APPICON_NAME = AppIcon;
				ASSETCATALOG_COMPILER_GLOBAL_ACCENT_COLOR_NAME = AccentColor;
				CODE_SIGN_STYLE = Automatic;
				CURRENT_PROJECT_VERSION = 1;
				GENERATE_INFOPLIST_FILE = YES;
				INFOPLIST_FILE = MaeumgaGymVoiceOver/Info.plist;
				INFOPLIST_KEY_UIApplicationSupportsIndirectInputEvents = YES;
				INFOPLIST_KEY_UILaunchStoryboardName = LaunchScreen;
				INFOPLIST_KEY_UISupportedInterfaceOrientations_iPad = "UIInterfaceOrientationPortrait UIInterfaceOrientationPortraitUpsideDown UIInterfaceOrientationLandscapeLeft UIInterfaceOrientationLandscapeRight";
				INFOPLIST_KEY_UISupportedInterfaceOrientations_iPhone = "UIInterfaceOrientationPortrait UIInterfaceOrientationLandscapeLeft UIInterfaceOrientationLandscapeRight";
				LD_RUNPATH_SEARCH_PATHS = (
					"$(inherited)",
					"@executable_path/Frameworks",
				);
				MARKETING_VERSION = 1.0;
				PRODUCT_BUNDLE_IDENTIFIER = jjunhaa0211.MaeumgaGymVoiceOver;
				PRODUCT_NAME = "$(TARGET_NAME)";
				SWIFT_EMIT_LOC_STRINGS = YES;
				SWIFT_VERSION = 5.0;
				TARGETED_DEVICE_FAMILY = "1,2";
			};
			name = Release;
		};
		0E1912DF2B4C13E1005E218C /* Debug */ = {
			isa = XCBuildConfiguration;
			buildSettings = {
				ALWAYS_EMBED_SWIFT_STANDARD_LIBRARIES = YES;
				BUNDLE_LOADER = "$(TEST_HOST)";
				CODE_SIGN_STYLE = Automatic;
				CURRENT_PROJECT_VERSION = 1;
				GENERATE_INFOPLIST_FILE = YES;
				IPHONEOS_DEPLOYMENT_TARGET = 17.2;
				MARKETING_VERSION = 1.0;
				PRODUCT_BUNDLE_IDENTIFIER = jjunhaa0211.MaeumgaGymVoiceOverTests;
				PRODUCT_NAME = "$(TARGET_NAME)";
				SWIFT_EMIT_LOC_STRINGS = NO;
				SWIFT_VERSION = 5.0;
				TARGETED_DEVICE_FAMILY = "1,2";
				TEST_HOST = "$(BUILT_PRODUCTS_DIR)/MaeumgaGymVoiceOver.app/$(BUNDLE_EXECUTABLE_FOLDER_PATH)/MaeumgaGymVoiceOver";
			};
			name = Debug;
		};
		0E1912E02B4C13E1005E218C /* Release */ = {
			isa = XCBuildConfiguration;
			buildSettings = {
				ALWAYS_EMBED_SWIFT_STANDARD_LIBRARIES = YES;
				BUNDLE_LOADER = "$(TEST_HOST)";
				CODE_SIGN_STYLE = Automatic;
				CURRENT_PROJECT_VERSION = 1;
				GENERATE_INFOPLIST_FILE = YES;
				IPHONEOS_DEPLOYMENT_TARGET = 17.2;
				MARKETING_VERSION = 1.0;
				PRODUCT_BUNDLE_IDENTIFIER = jjunhaa0211.MaeumgaGymVoiceOverTests;
				PRODUCT_NAME = "$(TARGET_NAME)";
				SWIFT_EMIT_LOC_STRINGS = NO;
				SWIFT_VERSION = 5.0;
				TARGETED_DEVICE_FAMILY = "1,2";
				TEST_HOST = "$(BUILT_PRODUCTS_DIR)/MaeumgaGymVoiceOver.app/$(BUNDLE_EXECUTABLE_FOLDER_PATH)/MaeumgaGymVoiceOver";
			};
			name = Release;
		};
		0E1912E22B4C13E1005E218C /* Debug */ = {
			isa = XCBuildConfiguration;
			buildSettings = {
				ALWAYS_EMBED_SWIFT_STANDARD_LIBRARIES = YES;
				CODE_SIGN_STYLE = Automatic;
				CURRENT_PROJECT_VERSION = 1;
				GENERATE_INFOPLIST_FILE = YES;
				MARKETING_VERSION = 1.0;
				PRODUCT_BUNDLE_IDENTIFIER = jjunhaa0211.MaeumgaGymVoiceOverUITests;
				PRODUCT_NAME = "$(TARGET_NAME)";
				SWIFT_EMIT_LOC_STRINGS = NO;
				SWIFT_VERSION = 5.0;
				TARGETED_DEVICE_FAMILY = "1,2";
				TEST_TARGET_NAME = MaeumgaGymVoiceOver;
			};
			name = Debug;
		};
		0E1912E32B4C13E1005E218C /* Release */ = {
			isa = XCBuildConfiguration;
			buildSettings = {
				ALWAYS_EMBED_SWIFT_STANDARD_LIBRARIES = YES;
				CODE_SIGN_STYLE = Automatic;
				CURRENT_PROJECT_VERSION = 1;
				GENERATE_INFOPLIST_FILE = YES;
				MARKETING_VERSION = 1.0;
				PRODUCT_BUNDLE_IDENTIFIER = jjunhaa0211.MaeumgaGymVoiceOverUITests;
				PRODUCT_NAME = "$(TARGET_NAME)";
				SWIFT_EMIT_LOC_STRINGS = NO;
				SWIFT_VERSION = 5.0;
				TARGETED_DEVICE_FAMILY = "1,2";
				TEST_TARGET_NAME = MaeumgaGymVoiceOver;
			};
			name = Release;
		};
/* End XCBuildConfiguration section */

/* Begin XCConfigurationList section */
		0E1912AC2B4C13DE005E218C /* Build configuration list for PBXProject "MaeumgaGymVoiceOver" */ = {
			isa = XCConfigurationList;
			buildConfigurations = (
				0E1912D92B4C13E1005E218C /* Debug */,
				0E1912DA2B4C13E1005E218C /* Release */,
			);
			defaultConfigurationIsVisible = 0;
			defaultConfigurationName = Release;
		};
		0E1912DB2B4C13E1005E218C /* Build configuration list for PBXNativeTarget "MaeumgaGymVoiceOver" */ = {
			isa = XCConfigurationList;
			buildConfigurations = (
				0E1912DC2B4C13E1005E218C /* Debug */,
				0E1912DD2B4C13E1005E218C /* Release */,
			);
			defaultConfigurationIsVisible = 0;
			defaultConfigurationName = Release;
		};
		0E1912DE2B4C13E1005E218C /* Build configuration list for PBXNativeTarget "MaeumgaGymVoiceOverTests" */ = {
			isa = XCConfigurationList;
			buildConfigurations = (
				0E1912DF2B4C13E1005E218C /* Debug */,
				0E1912E02B4C13E1005E218C /* Release */,
			);
			defaultConfigurationIsVisible = 0;
			defaultConfigurationName = Release;
		};
		0E1912E12B4C13E1005E218C /* Build configuration list for PBXNativeTarget "MaeumgaGymVoiceOverUITests" */ = {
			isa = XCConfigurationList;
			buildConfigurations = (
				0E1912E22B4C13E1005E218C /* Debug */,
				0E1912E32B4C13E1005E218C /* Release */,
			);
			defaultConfigurationIsVisible = 0;
			defaultConfigurationName = Release;
		};
/* End XCConfigurationList section */
	};
	rootObject = 0E1912A92B4C13DE005E218C /* Project object */;
}
